{
	"name": "@ocr-compiler/editor",
	"version": "0.3.3",
	"lockfileVersion": 2,
	"requires": true,
	"packages": {
		"": {
			"name": "@ocr-compiler/editor",
			"version": "0.3.3",
			"dependencies": {
				"@ocr-compiler/compiler": "^0.3.2",
				"codemirror": "^5.65.6"
			},
			"devDependencies": {
				"@types/codemirror": "^5.60.5",
				"codemirror-svelte": "^1.1.0"
			}
		},
		"node_modules/@ocr-compiler/compiler": {
			"version": "0.3.2",
			"resolved": "https://registry.npmjs.org/@ocr-compiler/compiler/-/compiler-0.3.2.tgz",
			"integrity": "sha512-O6yWEs9N+nPUHU+adEXduSX12nUYIivTZ0wM5V/vDpUvhPy/9l5PNqjHAuwzM0rii6AjDVEABBesR4Ko9sEUSA=="
		},
		"node_modules/@types/codemirror": {
			"version": "5.60.5",
			"resolved": "https://registry.npmjs.org/@types/codemirror/-/codemirror-5.60.5.tgz",
			"integrity": "sha512-TiECZmm8St5YxjFUp64LK0c8WU5bxMDt9YaAek1UqUb9swrSCoJhh92fWu1p3mTEqlHjhB5sY7OFBhWroJXZVg==",
			"dev": true,
			"dependencies": {
				"@types/tern": "*"
			}
		},
		"node_modules/@types/estree": {
			"version": "0.0.52",
			"resolved": "https://registry.npmjs.org/@types/estree/-/estree-0.0.52.tgz",
			"integrity": "sha512-BZWrtCU0bMVAIliIV+HJO1f1PR41M7NKjfxrFJwwhKI1KwhwOxYw1SXg9ao+CIMt774nFuGiG6eU+udtbEI9oQ==",
			"dev": true
		},
		"node_modules/@types/tern": {
			"version": "0.23.4",
			"resolved": "https://registry.npmjs.org/@types/tern/-/tern-0.23.4.tgz",
			"integrity": "sha512-JAUw1iXGO1qaWwEOzxTKJZ/5JxVeON9kvGZ/osgZaJImBnyjyn0cjovPsf6FNLmyGY8Vw9DoXZCMlfMkMwHRWg==",
			"dev": true,
			"dependencies": {
				"@types/estree": "*"
			}
		},
		"node_modules/codemirror": {
			"version": "5.65.6",
			"resolved": "https://registry.npmjs.org/codemirror/-/codemirror-5.65.6.tgz",
			"integrity": "sha512-zNihMSMoDxK9Gqv9oEyDT8oM51rcRrQ+IEo2zyS48gJByBq5Fj8XuNEguMra+MuIOuh6lkpnLUJeL70DoTt6yw=="
		},
		"node_modules/codemirror-svelte": {
			"version": "1.1.0",
			"resolved": "https://registry.npmjs.org/codemirror-svelte/-/codemirror-svelte-1.1.0.tgz",
			"integrity": "sha512-eJmRZM+cla23NDjqTnxfdeBb1UPHbJliP3hEL3dR6xAQOTTlVKaztGYq3XUGMDSbaZSB8E/XWghmLLcfTzyAaw==",
			"dev": true,
			"peerDependencies": {
				"codemirror": "^5.65.3"
			}
		}
	},
	"dependencies": {
		"@ocr-compiler/compiler": {
			"version": "0.3.2",
			"resolved": "https://registry.npmjs.org/@ocr-compiler/compiler/-/compiler-0.3.2.tgz",
			"integrity": "sha512-O6yWEs9N+nPUHU+adEXduSX12nUYIivTZ0wM5V/vDpUvhPy/9l5PNqjHAuwzM0rii6AjDVEABBesR4Ko9sEUSA=="
		},
		"@types/codemirror": {
			"version": "5.60.5",
			"resolved": "https://registry.npmjs.org/@types/codemirror/-/codemirror-5.60.5.tgz",
			"integrity": "sha512-TiECZmm8St5YxjFUp64LK0c8WU5bxMDt9YaAek1UqUb9swrSCoJhh92fWu1p3mTEqlHjhB5sY7OFBhWroJXZVg==",
			"dev": true,
			"requires": {
				"@types/tern": "*"
			}
		},
		"@types/estree": {
			"version": "0.0.52",
			"resolved": "https://registry.npmjs.org/@types/estree/-/estree-0.0.52.tgz",
			"integrity": "sha512-BZWrtCU0bMVAIliIV+HJO1f1PR41M7NKjfxrFJwwhKI1KwhwOxYw1SXg9ao+CIMt774nFuGiG6eU+udtbEI9oQ==",
			"dev": true
		},
		"@types/tern": {
			"version": "0.23.4",
			"resolved": "https://registry.npmjs.org/@types/tern/-/tern-0.23.4.tgz",
			"integrity": "sha512-JAUw1iXGO1qaWwEOzxTKJZ/5JxVeON9kvGZ/osgZaJImBnyjyn0cjovPsf6FNLmyGY8Vw9DoXZCMlfMkMwHRWg==",
			"dev": true,
			"requires": {
				"@types/estree": "*"
			}
		},
		"codemirror": {
			"version": "5.65.6",
			"resolved": "https://registry.npmjs.org/codemirror/-/codemirror-5.65.6.tgz",
			"integrity": "sha512-zNihMSMoDxK9Gqv9oEyDT8oM51rcRrQ+IEo2zyS48gJByBq5Fj8XuNEguMra+MuIOuh6lkpnLUJeL70DoTt6yw=="
		},
		"codemirror-svelte": {
			"version": "1.1.0",
			"resolved": "https://registry.npmjs.org/codemirror-svelte/-/codemirror-svelte-1.1.0.tgz",
			"integrity": "sha512-eJmRZM+cla23NDjqTnxfdeBb1UPHbJliP3hEL3dR6xAQOTTlVKaztGYq3XUGMDSbaZSB8E/XWghmLLcfTzyAaw==",
			"dev": true,
			"requires": {}
		}
	}
}
